
Microsoft Visual Studio Solution File, Format Version 11.00
# Visual Studio 2010
Project("{FAE04EC0-301F-11D3-BF4B-00C04F79EFBC}") = "AntlraExpression", "AntlraExpression\AntlraExpression.csproj", "{117890EA-BFB3-482C-9CC7-EC4521D3081A}"
EndProject
Project("{FAE04EC0-301F-11D3-BF4B-00C04F79EFBC}") = "ExpressionTest", "ExpressionTest\ExpressionTest.csproj", "{A7929354-2C21-40A4-A9CE-BE2DBE11C051}"
EndProject
Project("{FAE04EC0-301F-11D3-BF4B-00C04F79EFBC}") = "GCWatchcer", "GCWatchcer\GCWatchcer.csproj", "{8DB2E03B-2DB3-46CB-893E-13A7045DC2BE}"
EndProject
Project("{FAE04EC0-301F-11D3-BF4B-00C04F79EFBC}") = "ExcelProcessTest", "ExcelProcessTest\ExcelProcessTest.csproj", "{BE531E28-5516-41D5-9ED8-6E7157EA2D69}"
EndProject
Project("{FAE04EC0-301F-11D3-BF4B-00C04F79EFBC}") = "MathTest", "MathTest\MathTest.csproj", "{E9FE67B0-60F6-4A6D-BE69-ED07C76D3EF9}"
EndProject
Global
	GlobalSection(SolutionConfigurationPlatforms) = preSolution
		Debug|Any CPU = Debug|Any CPU
		Debug|Mixed Platforms = Debug|Mixed Platforms
		Debug|x86 = Debug|x86
		Release|Any CPU = Release|Any CPU
		Release|Mixed Platforms = Release|Mixed Platforms
		Release|x86 = Release|x86
	EndGlobalSection
	GlobalSection(ProjectConfigurationPlatforms) = postSolution
		{117890EA-BFB3-482C-9CC7-EC4521D3081A}.Debug|Any CPU.ActiveCfg = Debug|Any CPU
		{117890EA-BFB3-482C-9CC7-EC4521D3081A}.Debug|Any CPU.Build.0 = Debug|Any CPU
		{117890EA-BFB3-482C-9CC7-EC4521D3081A}.Debug|Mixed Platforms.ActiveCfg = Debug|Any CPU
		{117890EA-BFB3-482C-9CC7-EC4521D3081A}.Debug|Mixed Platforms.Build.0 = Debug|Any CPU
		{117890EA-BFB3-482C-9CC7-EC4521D3081A}.Debug|x86.ActiveCfg = Debug|Any CPU
		{117890EA-BFB3-482C-9CC7-EC4521D3081A}.Release|Any CPU.ActiveCfg = Release|Any CPU
		{117890EA-BFB3-482C-9CC7-EC4521D3081A}.Release|Any CPU.Build.0 = Release|Any CPU
		{117890EA-BFB3-482C-9CC7-EC4521D3081A}.Release|Mixed Platforms.ActiveCfg = Release|Any CPU
		{117890EA-BFB3-482C-9CC7-EC4521D3081A}.Release|Mixed Platforms.Build.0 = Release|Any CPU
		{117890EA-BFB3-482C-9CC7-EC4521D3081A}.Release|x86.ActiveCfg = Release|Any CPU
		{A7929354-2C21-40A4-A9CE-BE2DBE11C051}.Debug|Any CPU.ActiveCfg = Debug|x86
		{A7929354-2C21-40A4-A9CE-BE2DBE11C051}.Debug|Mixed Platforms.ActiveCfg = Debug|x86
		{A7929354-2C21-40A4-A9CE-BE2DBE11C051}.Debug|Mixed Platforms.Build.0 = Debug|x86
		{A7929354-2C21-40A4-A9CE-BE2DBE11C051}.Debug|x86.ActiveCfg = Debug|x86
		{A7929354-2C21-40A4-A9CE-BE2DBE11C051}.Debug|x86.Build.0 = Debug|x86
		{A7929354-2C21-40A4-A9CE-BE2DBE11C051}.Release|Any CPU.ActiveCfg = Release|x86
		{A7929354-2C21-40A4-A9CE-BE2DBE11C051}.Release|Mixed Platforms.ActiveCfg = Release|x86
		{A7929354-2C21-40A4-A9CE-BE2DBE11C051}.Release|Mixed Platforms.Build.0 = Release|x86
		{A7929354-2C21-40A4-A9CE-BE2DBE11C051}.Release|x86.ActiveCfg = Release|x86
		{A7929354-2C21-40A4-A9CE-BE2DBE11C051}.Release|x86.Build.0 = Release|x86
		{8DB2E03B-2DB3-46CB-893E-13A7045DC2BE}.Debug|Any CPU.ActiveCfg = Debug|x86
		{8DB2E03B-2DB3-46CB-893E-13A7045DC2BE}.Debug|Mixed Platforms.ActiveCfg = Debug|x86
		{8DB2E03B-2DB3-46CB-893E-13A7045DC2BE}.Debug|Mixed Platforms.Build.0 = Debug|x86
		{8DB2E03B-2DB3-46CB-893E-13A7045DC2BE}.Debug|x86.ActiveCfg = Debug|x86
		{8DB2E03B-2DB3-46CB-893E-13A7045DC2BE}.Debug|x86.Build.0 = Debug|x86
		{8DB2E03B-2DB3-46CB-893E-13A7045DC2BE}.Release|Any CPU.ActiveCfg = Release|x86
		{8DB2E03B-2DB3-46CB-893E-13A7045DC2BE}.Release|Mixed Platforms.ActiveCfg = Release|x86
		{8DB2E03B-2DB3-46CB-893E-13A7045DC2BE}.Release|Mixed Platforms.Build.0 = Release|x86
		{8DB2E03B-2DB3-46CB-893E-13A7045DC2BE}.Release|x86.ActiveCfg = Release|x86
		{8DB2E03B-2DB3-46CB-893E-13A7045DC2BE}.Release|x86.Build.0 = Release|x86
		{BE531E28-5516-41D5-9ED8-6E7157EA2D69}.Debug|Any CPU.ActiveCfg = Debug|x86
		{BE531E28-5516-41D5-9ED8-6E7157EA2D69}.Debug|Mixed Platforms.ActiveCfg = Debug|x86
		{BE531E28-5516-41D5-9ED8-6E7157EA2D69}.Debug|Mixed Platforms.Build.0 = Debug|x86
		{BE531E28-5516-41D5-9ED8-6E7157EA2D69}.Debug|x86.ActiveCfg = Debug|x86
		{BE531E28-5516-41D5-9ED8-6E7157EA2D69}.Debug|x86.Build.0 = Debug|x86
		{BE531E28-5516-41D5-9ED8-6E7157EA2D69}.Release|Any CPU.ActiveCfg = Release|x86
		{BE531E28-5516-41D5-9ED8-6E7157EA2D69}.Release|Mixed Platforms.ActiveCfg = Release|x86
		{BE531E28-5516-41D5-9ED8-6E7157EA2D69}.Release|Mixed Platforms.Build.0 = Release|x86
		{BE531E28-5516-41D5-9ED8-6E7157EA2D69}.Release|x86.ActiveCfg = Release|x86
		{BE531E28-5516-41D5-9ED8-6E7157EA2D69}.Release|x86.Build.0 = Release|x86
		{E9FE67B0-60F6-4A6D-BE69-ED07C76D3EF9}.Debug|Any CPU.ActiveCfg = Debug|x86
		{E9FE67B0-60F6-4A6D-BE69-ED07C76D3EF9}.Debug|Mixed Platforms.ActiveCfg = Debug|x86
		{E9FE67B0-60F6-4A6D-BE69-ED07C76D3EF9}.Debug|Mixed Platforms.Build.0 = Debug|x86
		{E9FE67B0-60F6-4A6D-BE69-ED07C76D3EF9}.Debug|x86.ActiveCfg = Debug|x86
		{E9FE67B0-60F6-4A6D-BE69-ED07C76D3EF9}.Debug|x86.Build.0 = Debug|x86
		{E9FE67B0-60F6-4A6D-BE69-ED07C76D3EF9}.Release|Any CPU.ActiveCfg = Release|x86
		{E9FE67B0-60F6-4A6D-BE69-ED07C76D3EF9}.Release|Mixed Platforms.ActiveCfg = Release|x86
		{E9FE67B0-60F6-4A6D-BE69-ED07C76D3EF9}.Release|Mixed Platforms.Build.0 = Release|x86
		{E9FE67B0-60F6-4A6D-BE69-ED07C76D3EF9}.Release|x86.ActiveCfg = Release|x86
		{E9FE67B0-60F6-4A6D-BE69-ED07C76D3EF9}.Release|x86.Build.0 = Release|x86
	EndGlobalSection
	GlobalSection(SolutionProperties) = preSolution
		HideSolutionNode = FALSE
	EndGlobalSection
EndGlobal
