
Microsoft Visual Studio Solution File, Format Version 11.00
# Visual Studio 2010
Project("{8BC9CEB8-8B4A-11D0-8D11-00A0C91BC942}") = "Expression", "Expression\Expression.vcxproj", "{BC907B27-1359-4693-98F2-5EF4CBFA44C1}"
EndProject
Project("{8BC9CEB8-8B4A-11D0-8D11-00A0C91BC942}") = "CStringTest", "CStringTest\CStringTest.vcxproj", "{D63F9A21-5B82-4029-B8A9-053413B1F18D}"
EndProject
Global
	GlobalSection(SolutionConfigurationPlatforms) = preSolution
		Debug|Win32 = Debug|Win32
		Release|Win32 = Release|Win32
	EndGlobalSection
	GlobalSection(ProjectConfigurationPlatforms) = postSolution
		{BC907B27-1359-4693-98F2-5EF4CBFA44C1}.Debug|Win32.ActiveCfg = Debug|Win32
		{BC907B27-1359-4693-98F2-5EF4CBFA44C1}.Debug|Win32.Build.0 = Debug|Win32
		{BC907B27-1359-4693-98F2-5EF4CBFA44C1}.Release|Win32.ActiveCfg = Release|Win32
		{BC907B27-1359-4693-98F2-5EF4CBFA44C1}.Release|Win32.Build.0 = Release|Win32
		{D63F9A21-5B82-4029-B8A9-053413B1F18D}.Debug|Win32.ActiveCfg = Debug|Win32
		{D63F9A21-5B82-4029-B8A9-053413B1F18D}.Debug|Win32.Build.0 = Debug|Win32
		{D63F9A21-5B82-4029-B8A9-053413B1F18D}.Release|Win32.ActiveCfg = Release|Win32
		{D63F9A21-5B82-4029-B8A9-053413B1F18D}.Release|Win32.Build.0 = Release|Win32
	EndGlobalSection
	GlobalSection(SolutionProperties) = preSolution
		HideSolutionNode = FALSE
	EndGlobalSection
EndGlobal
